<?xml version="1.0" encoding="utf-8"?>
<Project ToolsVersion="4.0" xmlns="http://schemas.microsoft.com/developer/msbuild/2003">
  <ItemGroup>
    <Filter Include="Source Files">
      <UniqueIdentifier>{4FC737F1-C7A5-4376-A066-2A32D752A2FF}</UniqueIdentifier>
      <Extensions>cpp;c;cc;cxx;def;odl;idl;hpj;bat;asm;asmx</Extensions>
    </Filter>
    <Filter Include="Header Files">
      <UniqueIdentifier>{93995380-89BD-4b04-88EB-625FBE52EBFB}</UniqueIdentifier>
      <Extensions>h;hh;hpp;hxx;hm;inl;inc;xsd</Extensions>
    </Filter>
    <Filter Include="Resource Files">
      <UniqueIdentifier>{67DA6AB6-F800-4c08-8B7A-83BB121AAD01}</UniqueIdentifier>
      <Extensions>rc;ico;cur;bmp;dlg;rc2;rct;bin;rgs;gif;jpg;jpeg;jpe;resx;tiff;tif;png;wav;mfcribbon-ms</Extensions>
    </Filter>
  </ItemGroup>
  <ItemGroup>
    <ClCompile Include="MyForm.cpp">
      <Filter>Source Files</Filter>
    </ClCompile>
    <ClCompile Include="..\CUDA_SPICE_Circuit_Sim\helpers.cpp">
      <Filter>Source Files</Filter>
    </ClCompile>
    <ClCompile Include="..\CUDA_SPICE_Circuit_Sim\kcl.cpp">
      <Filter>Source Files</Filter>
    </ClCompile>
    <ClCompile Include="..\CUDA_SPICE_Circuit_Sim\sim.cpp">
      <Filter>Source Files</Filter>
    </ClCompile>
    <ClCompile Include="..\CUDA_SPICE_Circuit_Sim\spice.cpp">
      <Filter>Source Files</Filter>
    </ClCompile>
    <ClCompile Include="..\CUDA_SPICE_Circuit_Sim\transistor.cpp">
      <Filter>Source Files</Filter>
    </ClCompile>
    <ClCompile Include="..\CUDA_SPICE_Circuit_Sim\linSolver.cpp">
      <Filter>Source Files</Filter>
    </ClCompile>
  </ItemGroup>
  <ItemGroup>
    <ClInclude Include="MyForm.h">
      <Filter>Header Files</Filter>
    </ClInclude>
    <ClInclude Include="CUDA_Spice.h">
      <Filter>Header Files</Filter>
    </ClInclude>
    <ClInclude Include="..\CUDA_SPICE_Circuit_Sim\cuda_kcl.h">
      <Filter>Header Files</Filter>
    </ClInclude>
    <ClInclude Include="..\CUDA_SPICE_Circuit_Sim\cuda_LinSolver.h">
      <Filter>Header Files</Filter>
    </ClInclude>
    <ClInclude Include="..\CUDA_SPICE_Circuit_Sim\cuda_netlist.h">
      <Filter>Header Files</Filter>
    </ClInclude>
    <ClInclude Include="..\CUDA_SPICE_Circuit_Sim\cuda_setup.h">
      <Filter>Header Files</Filter>
    </ClInclude>
    <ClInclude Include="..\CUDA_SPICE_Circuit_Sim\cuda_sim.h">
      <Filter>Header Files</Filter>
    </ClInclude>
    <ClInclude Include="..\CUDA_SPICE_Circuit_Sim\helpers.h">
      <Filter>Header Files</Filter>
    </ClInclude>
    <ClInclude Include="..\CUDA_SPICE_Circuit_Sim\kcl.h">
      <Filter>Header Files</Filter>
    </ClInclude>
    <ClInclude Include="..\CUDA_SPICE_Circuit_Sim\linSolver.h">
      <Filter>Header Files</Filter>
    </ClInclude>
    <ClInclude Include="..\CUDA_SPICE_Circuit_Sim\sim.h">
      <Filter>Header Files</Filter>
    </ClInclude>
    <ClInclude Include="..\CUDA_SPICE_Circuit_Sim\spice.h">
      <Filter>Header Files</Filter>
    </ClInclude>
    <ClInclude Include="..\CUDA_SPICE_Circuit_Sim\test_circuit.h">
      <Filter>Header Files</Filter>
    </ClInclude>
    <ClInclude Include="..\CUDA_SPICE_Circuit_Sim\transistor.h">
      <Filter>Header Files</Filter>
    </ClInclude>
  </ItemGroup>
  <ItemGroup>
    <EmbeddedResource Include="MyForm.resx">
      <Filter>Resource Files</Filter>
    </EmbeddedResource>
  </ItemGroup>
  <ItemGroup>
    <CudaCompile Include="..\CUDA_SPICE_Circuit_Sim\cuda_kcl.cu" />
    <CudaCompile Include="..\CUDA_SPICE_Circuit_Sim\cuda_LinSolver.cu" />
    <CudaCompile Include="..\CUDA_SPICE_Circuit_Sim\cuda_netlist.cu" />
    <CudaCompile Include="..\CUDA_SPICE_Circuit_Sim\cuda_setup.cu" />
    <CudaCompile Include="..\CUDA_SPICE_Circuit_Sim\cuda_sim.cu" />
  </ItemGroup>
</Project>